
Microsoft Visual Studio Solution File, Format Version 12.00
# Visual Studio Version 17
VisualStudioVersion = 17.10.35013.160
MinimumVisualStudioVersion = 10.0.40219.1
Project("{FAE04EC0-301F-11D3-BF4B-00C04F79EFBC}") = "BowlingCalculator", "BowlingCalculator\BowlingCalculator.csproj", "{36E06A93-5636-41DD-B07D-95085712928E}"
EndProject
Global
	GlobalSection(SolutionConfigurationPlatforms) = preSolution
		Debug|Any CPU = Debug|Any CPU
		Release|Any CPU = Release|Any CPU
	EndGlobalSection
	GlobalSection(ProjectConfigurationPlatforms) = postSolution
		{36E06A93-5636-41DD-B07D-95085712928E}.Debug|Any CPU.ActiveCfg = Debug|Any CPU
		{36E06A93-5636-41DD-B07D-95085712928E}.Debug|Any CPU.Build.0 = Debug|Any CPU
		{36E06A93-5636-41DD-B07D-95085712928E}.Debug|Any CPU.Deploy.0 = Debug|Any CPU
		{36E06A93-5636-41DD-B07D-95085712928E}.Release|Any CPU.ActiveCfg = Release|Any CPU
		{36E06A93-5636-41DD-B07D-95085712928E}.Release|Any CPU.Build.0 = Release|Any CPU
		{36E06A93-5636-41DD-B07D-95085712928E}.Release|Any CPU.Deploy.0 = Release|Any CPU
	EndGlobalSection
	GlobalSection(SolutionProperties) = preSolution
		HideSolutionNode = FALSE
	EndGlobalSection
	GlobalSection(ExtensibilityGlobals) = postSolution
		SolutionGuid = {50C2B787-F489-499C-927F-A21D2FCDB29F}
	EndGlobalSection
EndGlobal
